
Microsoft Visual Studio Solution File, Format Version 12.00
# Visual Studio 15
VisualStudioVersion = 15.0.28307.168
MinimumVisualStudioVersion = 10.0.40219.1
Project("{FAE04EC0-301F-11D3-BF4B-00C04F79EFBC}") = "LabSystem1.0", "LabSystem1.0\LabSystem1.0.csproj", "{64CC3B0A-353C-434C-A966-AB060BAC4243}"
EndProject
Global
	GlobalSection(SolutionConfigurationPlatforms) = preSolution
		Debug|Any CPU = Debug|Any CPU
		Release|Any CPU = Release|Any CPU
	EndGlobalSection
	GlobalSection(ProjectConfigurationPlatforms) = postSolution
		{64CC3B0A-353C-434C-A966-AB060BAC4243}.Debug|Any CPU.ActiveCfg = Debug|Any CPU
		{64CC3B0A-353C-434C-A966-AB060BAC4243}.Debug|Any CPU.Build.0 = Debug|Any CPU
		{64CC3B0A-353C-434C-A966-AB060BAC4243}.Release|Any CPU.ActiveCfg = Release|Any CPU
		{64CC3B0A-353C-434C-A966-AB060BAC4243}.Release|Any CPU.Build.0 = Release|Any CPU
	EndGlobalSection
	GlobalSection(SolutionProperties) = preSolution
		HideSolutionNode = FALSE
	EndGlobalSection
	GlobalSection(ExtensibilityGlobals) = postSolution
		SolutionGuid = {14779F89-8F73-4A74-BDDE-ED861CCE90BC}
	EndGlobalSection
EndGlobal
